
Microsoft Visual Studio Solution File, Format Version 12.00
Project("{FAE04EC0-301F-11D3-BF4B-00C04F79EFBC}") = "IIT_CSU_HashTables", "IIT_CSU_HashTables\IIT_CSU_HashTables.csproj", "{D93D1DB7-26BF-43A3-A961-6FDDCA08F055}"
EndProject
Global
	GlobalSection(SolutionConfigurationPlatforms) = preSolution
		Debug|Any CPU = Debug|Any CPU
		Release|Any CPU = Release|Any CPU
	EndGlobalSection
	GlobalSection(ProjectConfigurationPlatforms) = postSolution
		{D93D1DB7-26BF-43A3-A961-6FDDCA08F055}.Debug|Any CPU.ActiveCfg = Debug|Any CPU
		{D93D1DB7-26BF-43A3-A961-6FDDCA08F055}.Debug|Any CPU.Build.0 = Debug|Any CPU
		{D93D1DB7-26BF-43A3-A961-6FDDCA08F055}.Release|Any CPU.ActiveCfg = Release|Any CPU
		{D93D1DB7-26BF-43A3-A961-6FDDCA08F055}.Release|Any CPU.Build.0 = Release|Any CPU
	EndGlobalSection
EndGlobal
